
Microsoft Visual Studio Solution File, Format Version 12.00
# Visual Studio Version 16
VisualStudioVersion = 16.6.30114.105
MinimumVisualStudioVersion = 10.0.40219.1
Project("{FAE04EC0-301F-11D3-BF4B-00C04F79EFBC}") = "API", "API\API.csproj", "{7F827FDB-7C4A-40CB-AAC5-00B51282A0A3}"
EndProject
Project("{FAE04EC0-301F-11D3-BF4B-00C04F79EFBC}") = "Generator", "Generator\Generator.csproj", "{85703881-D456-4806-B72E-D2DC7E782C09}"
EndProject
Project("{FAE04EC0-301F-11D3-BF4B-00C04F79EFBC}") = "Common", "Common\Common.csproj", "{DC79B379-AC97-420D-8B06-5B8756686F77}"
EndProject
Global
	GlobalSection(SolutionConfigurationPlatforms) = preSolution
		Debug|Any CPU = Debug|Any CPU
		Debug|x64 = Debug|x64
		Debug|x86 = Debug|x86
		Release|Any CPU = Release|Any CPU
		Release|x64 = Release|x64
		Release|x86 = Release|x86
	EndGlobalSection
	GlobalSection(SolutionProperties) = preSolution
		HideSolutionNode = FALSE
	EndGlobalSection
	GlobalSection(ProjectConfigurationPlatforms) = postSolution
		{7F827FDB-7C4A-40CB-AAC5-00B51282A0A3}.Debug|Any CPU.ActiveCfg = Debug|Any CPU
		{7F827FDB-7C4A-40CB-AAC5-00B51282A0A3}.Debug|Any CPU.Build.0 = Debug|Any CPU
		{7F827FDB-7C4A-40CB-AAC5-00B51282A0A3}.Debug|x64.ActiveCfg = Debug|Any CPU
		{7F827FDB-7C4A-40CB-AAC5-00B51282A0A3}.Debug|x64.Build.0 = Debug|Any CPU
		{7F827FDB-7C4A-40CB-AAC5-00B51282A0A3}.Debug|x86.ActiveCfg = Debug|Any CPU
		{7F827FDB-7C4A-40CB-AAC5-00B51282A0A3}.Debug|x86.Build.0 = Debug|Any CPU
		{7F827FDB-7C4A-40CB-AAC5-00B51282A0A3}.Release|Any CPU.ActiveCfg = Release|Any CPU
		{7F827FDB-7C4A-40CB-AAC5-00B51282A0A3}.Release|Any CPU.Build.0 = Release|Any CPU
		{7F827FDB-7C4A-40CB-AAC5-00B51282A0A3}.Release|x64.ActiveCfg = Release|Any CPU
		{7F827FDB-7C4A-40CB-AAC5-00B51282A0A3}.Release|x64.Build.0 = Release|Any CPU
		{7F827FDB-7C4A-40CB-AAC5-00B51282A0A3}.Release|x86.ActiveCfg = Release|Any CPU
		{7F827FDB-7C4A-40CB-AAC5-00B51282A0A3}.Release|x86.Build.0 = Release|Any CPU
		{85703881-D456-4806-B72E-D2DC7E782C09}.Debug|Any CPU.ActiveCfg = Debug|Any CPU
		{85703881-D456-4806-B72E-D2DC7E782C09}.Debug|Any CPU.Build.0 = Debug|Any CPU
		{85703881-D456-4806-B72E-D2DC7E782C09}.Debug|x64.ActiveCfg = Debug|Any CPU
		{85703881-D456-4806-B72E-D2DC7E782C09}.Debug|x64.Build.0 = Debug|Any CPU
		{85703881-D456-4806-B72E-D2DC7E782C09}.Debug|x86.ActiveCfg = Debug|Any CPU
		{85703881-D456-4806-B72E-D2DC7E782C09}.Debug|x86.Build.0 = Debug|Any CPU
		{85703881-D456-4806-B72E-D2DC7E782C09}.Release|Any CPU.ActiveCfg = Release|Any CPU
		{85703881-D456-4806-B72E-D2DC7E782C09}.Release|Any CPU.Build.0 = Release|Any CPU
		{85703881-D456-4806-B72E-D2DC7E782C09}.Release|x64.ActiveCfg = Release|Any CPU
		{85703881-D456-4806-B72E-D2DC7E782C09}.Release|x64.Build.0 = Release|Any CPU
		{85703881-D456-4806-B72E-D2DC7E782C09}.Release|x86.ActiveCfg = Release|Any CPU
		{85703881-D456-4806-B72E-D2DC7E782C09}.Release|x86.Build.0 = Release|Any CPU
		{DC79B379-AC97-420D-8B06-5B8756686F77}.Debug|Any CPU.ActiveCfg = Debug|Any CPU
		{DC79B379-AC97-420D-8B06-5B8756686F77}.Debug|Any CPU.Build.0 = Debug|Any CPU
		{DC79B379-AC97-420D-8B06-5B8756686F77}.Debug|x64.ActiveCfg = Debug|Any CPU
		{DC79B379-AC97-420D-8B06-5B8756686F77}.Debug|x64.Build.0 = Debug|Any CPU
		{DC79B379-AC97-420D-8B06-5B8756686F77}.Debug|x86.ActiveCfg = Debug|Any CPU
		{DC79B379-AC97-420D-8B06-5B8756686F77}.Debug|x86.Build.0 = Debug|Any CPU
		{DC79B379-AC97-420D-8B06-5B8756686F77}.Release|Any CPU.ActiveCfg = Release|Any CPU
		{DC79B379-AC97-420D-8B06-5B8756686F77}.Release|Any CPU.Build.0 = Release|Any CPU
		{DC79B379-AC97-420D-8B06-5B8756686F77}.Release|x64.ActiveCfg = Release|Any CPU
		{DC79B379-AC97-420D-8B06-5B8756686F77}.Release|x64.Build.0 = Release|Any CPU
		{DC79B379-AC97-420D-8B06-5B8756686F77}.Release|x86.ActiveCfg = Release|Any CPU
		{DC79B379-AC97-420D-8B06-5B8756686F77}.Release|x86.Build.0 = Release|Any CPU
	EndGlobalSection
EndGlobal
